
Microsoft Visual Studio Solution File, Format Version 12.00
# Visual Studio 15
Project("{FAE04EC0-301F-11D3-BF4B-00C04F79EFBC}") = "Yas", "Yas.csproj", "{9002FAB4-6FA8-6A8D-646A-EF0E3D8E7010}"
EndProject
Global
	GlobalSection(SolutionConfigurationPlatforms) = preSolution
		Debug|Any CPU = Debug|Any CPU
		Release|Any CPU = Release|Any CPU
	EndGlobalSection
	GlobalSection(ProjectConfigurationPlatforms) = postSolution
		{9002FAB4-6FA8-6A8D-646A-EF0E3D8E7010}.Debug|Any CPU.ActiveCfg = Debug|Any CPU
		{9002FAB4-6FA8-6A8D-646A-EF0E3D8E7010}.Debug|Any CPU.Build.0 = Debug|Any CPU
		{9002FAB4-6FA8-6A8D-646A-EF0E3D8E7010}.Release|Any CPU.ActiveCfg = Release|Any CPU
		{9002FAB4-6FA8-6A8D-646A-EF0E3D8E7010}.Release|Any CPU.Build.0 = Release|Any CPU
	EndGlobalSection
	GlobalSection(SolutionProperties) = preSolution
		HideSolutionNode = FALSE
	EndGlobalSection
EndGlobal
